
Microsoft Visual Studio Solution File, Format Version 12.00
# Visual Studio Version 17
VisualStudioVersion = 17.9.34902.65
MinimumVisualStudioVersion = 10.0.40219.1
Project("{FAE04EC0-301F-11D3-BF4B-00C04F79EFBC}") = "PR5_SPZ_TaskLib", "PR5_SPZ_TaskLib\PR5_SPZ_TaskLib.csproj", "{5FC41706-FF0E-450F-BCB4-0D2695BF8522}"
EndProject
Project("{FAE04EC0-301F-11D3-BF4B-00C04F79EFBC}") = "Abonent_App1", "Abonent_App1\Abonent_App1.csproj", "{C3F4CF29-F205-4A68-93B1-F1C91AC1E0C6}"
EndProject
Global
	GlobalSection(SolutionConfigurationPlatforms) = preSolution
		Debug|Any CPU = Debug|Any CPU
		Release|Any CPU = Release|Any CPU
	EndGlobalSection
	GlobalSection(ProjectConfigurationPlatforms) = postSolution
		{5FC41706-FF0E-450F-BCB4-0D2695BF8522}.Debug|Any CPU.ActiveCfg = Debug|Any CPU
		{5FC41706-FF0E-450F-BCB4-0D2695BF8522}.Debug|Any CPU.Build.0 = Debug|Any CPU
		{5FC41706-FF0E-450F-BCB4-0D2695BF8522}.Release|Any CPU.ActiveCfg = Release|Any CPU
		{5FC41706-FF0E-450F-BCB4-0D2695BF8522}.Release|Any CPU.Build.0 = Release|Any CPU
		{C3F4CF29-F205-4A68-93B1-F1C91AC1E0C6}.Debug|Any CPU.ActiveCfg = Debug|Any CPU
		{C3F4CF29-F205-4A68-93B1-F1C91AC1E0C6}.Debug|Any CPU.Build.0 = Debug|Any CPU
		{C3F4CF29-F205-4A68-93B1-F1C91AC1E0C6}.Release|Any CPU.ActiveCfg = Release|Any CPU
		{C3F4CF29-F205-4A68-93B1-F1C91AC1E0C6}.Release|Any CPU.Build.0 = Release|Any CPU
	EndGlobalSection
	GlobalSection(SolutionProperties) = preSolution
		HideSolutionNode = FALSE
	EndGlobalSection
	GlobalSection(ExtensibilityGlobals) = postSolution
		SolutionGuid = {68EC9C4A-F2D7-4FFE-9277-86A6B6A8FCDB}
	EndGlobalSection
EndGlobal
